// !$*UTF8*$!
{
	archiveVersion = 1;
	classes = {
	};
	objectVersion = 50;
	objects = {

/* Begin PBXBuildFile section */
		D6C2FEEB222E536200D9021C /* AppDelegate.swift in Sources */ = {isa = PBXBuildFile; fileRef = D6C2FEEA222E536200D9021C /* AppDelegate.swift */; };
		D6C2FEED222E536200D9021C /* ViewController.swift in Sources */ = {isa = PBXBuildFile; fileRef = D6C2FEEC222E536200D9021C /* ViewController.swift */; };
		D6C2FEF0222E536200D9021C /* Main.storyboard in Resources */ = {isa = PBXBuildFile; fileRef = D6C2FEEE222E536200D9021C /* Main.storyboard */; };
		D6C2FEF2222E536500D9021C /* Assets.xcassets in Resources */ = {isa = PBXBuildFile; fileRef = D6C2FEF1222E536500D9021C /* Assets.xcassets */; };
		D6C2FEF5222E536500D9021C /* LaunchScreen.storyboard in Resources */ = {isa = PBXBuildFile; fileRef = D6C2FEF3222E536500D9021C /* LaunchScreen.storyboard */; };
		D6C2FEFD222E537800D9021C /* TimeRuler.swift in Sources */ = {isa = PBXBuildFile; fileRef = D6C2FEFC222E537800D9021C /* TimeRuler.swift */; };
/* End PBXBuildFile section */

/* Begin PBXFileReference section */
		D6C2FEE7222E536200D9021C /* TimeRuler.app */ = {isa = PBXFileReference; explicitFileType = wrapper.application; includeInIndex = 0; path = TimeRuler.app; sourceTree = BUILT_PRODUCTS_DIR; };
		D6C2FEEA222E536200D9021C /* AppDelegate.swift */ = {isa = PBXFileReference; lastKnownFileType = sourcecode.swift; path = AppDelegate.swift; sourceTree = "<group>"; };
		D6C2FEEC222E536200D9021C /* ViewController.swift */ = {isa = PBXFileReference; lastKnownFileType = sourcecode.swift; path = ViewController.swift; sourceTree = "<group>"; };
		D6C2FEEF222E536200D9021C /* Base */ = {isa = PBXFileReference; lastKnownFileType = file.storyboard; name = Base; path = Base.lproj/Main.storyboard; sourceTree = "<group>"; };
		D6C2FEF1222E536500D9021C /* Assets.xcassets */ = {isa = PBXFileReference; lastKnownFileType = folder.assetcatalog; path = Assets.xcassets; sourceTree = "<group>"; };
		D6C2FEF4222E536500D9021C /* Base */ = {isa = PBXFileReference; lastKnownFileType = file.storyboard; name = Base; path = Base.lproj/LaunchScreen.storyboard; sourceTree = "<group>"; };
		D6C2FEF6222E536500D9021C /* Info.plist */ = {isa = PBXFileReference; lastKnownFileType = text.plist.xml; path = Info.plist; sourceTree = "<group>"; };
		D6C2FEFC222E537800D9021C /* TimeRuler.swift */ = {isa = PBXFileReference; fileEncoding = 4; lastKnownFileType = sourcecode.swift; path = TimeRuler.swift; sourceTree = "<group>"; };
/* End PBXFileReference section */

/* Begin PBXFrameworksBuildPhase section */
		D6C2FEE4222E536200D9021C /* Frameworks */ = {
			isa = PBXFrameworksBuildPhase;
			buildActionMask = 2147483647;
			files = (
			);
			runOnlyForDeploymentPostprocessing = 0;
		};
/* End PBXFrameworksBuildPhase section */

/* Begin PBXGroup section */
		D6C2FEDE222E536200D9021C = {
			isa = PBXGroup;
			children = (
				D6C2FEE9222E536200D9021C /* TimeRuler */,
				D6C2FEE8222E536200D9021C /* Products */,
			);
			sourceTree = "<group>";
		};
		D6C2FEE8222E536200D9021C /* Products */ = {
			isa = PBXGroup;
			children = (
				D6C2FEE7222E536200D9021C /* TimeRuler.app */,
			);
			name = Products;
			sourceTree = "<group>";
		};
		D6C2FEE9222E536200D9021C /* TimeRuler */ = {
			isa = PBXGroup;
			children = (
				D6C2FEFC222E537800D9021C /* TimeRuler.swift */,
				D6C2FEEA222E536200D9021C /* AppDelegate.swift */,
				D6C2FEEC222E536200D9021C /* ViewController.swift */,
				D6C2FEEE222E536200D9021C /* Main.storyboard */,
				D6C2FEF1222E536500D9021C /* Assets.xcassets */,
				D6C2FEF3222E536500D9021C /* LaunchScreen.storyboard */,
				D6C2FEF6222E536500D9021C /* Info.plist */,
			);
			path = TimeRuler;
			sourceTree = "<group>";
		};
/* End PBXGroup section */

/* Begin PBXNativeTarget section */
		D6C2FEE6222E536200D9021C /* TimeRuler */ = {
			isa = PBXNativeTarget;
			buildConfigurationList = D6C2FEF9222E536500D9021C /* Build configuration list for PBXNativeTarget "TimeRuler" */;
			buildPhases = (
				D6C2FEE3222E536200D9021C /* Sources */,
				D6C2FEE4222E536200D9021C /* Frameworks */,
				D6C2FEE5222E536200D9021C /* Resources */,
			);
			buildRules = (
			);
			dependencies = (
			);
			name = TimeRuler;
			productName = TimeRuler;
			productReference = D6C2FEE7222E536200D9021C /* TimeRuler.app */;
			productType = "com.apple.product-type.application";
		};
/* End PBXNativeTarget section */

/* Begin PBXProject section */
		D6C2FEDF222E536200D9021C /* Project object */ = {
			isa = PBXProject;
			attributes = {
				LastSwiftUpdateCheck = 1010;
				LastUpgradeCheck = 1010;
				ORGANIZATIONNAME = quan.com;
				TargetAttributes = {
					D6C2FEE6222E536200D9021C = {
						CreatedOnToolsVersion = 10.1;
					};
				};
			};
			buildConfigurationList = D6C2FEE2222E536200D9021C /* Build configuration list for PBXProject "TimeRuler" */;
			compatibilityVersion = "Xcode 9.3";
			developmentRegion = en;
			hasScannedForEncodings = 0;
			knownRegions = (
				en,
				Base,
			);
			mainGroup = D6C2FEDE222E536200D9021C;
			productRefGroup = D6C2FEE8222E536200D9021C /* Products */;
			projectDirPath = "";
			projectRoot = "";
			targets = (
				D6C2FEE6222E536200D9021C /* TimeRuler */,
			);
		};
/* End PBXProject section */

/* Begin PBXResourcesBuildPhase section */
		D6C2FEE5222E536200D9021C /* Resources */ = {
			isa = PBXResourcesBuildPhase;
			buildActionMask = 2147483647;
			files = (
				D6C2FEF5222E536500D9021C /* LaunchScreen.storyboard in Resources */,
				D6C2FEF2222E536500D9021C /* Assets.xcassets in Resources */,
				D6C2FEF0222E536200D9021C /* Main.storyboard in Resources */,
			);
			runOnlyForDeploymentPostprocessing = 0;
		};
/* End PBXResourcesBuildPhase section */

/* Begin PBXSourcesBuildPhase section */
		D6C2FEE3222E536200D9021C /* Sources */ = {
			isa = PBXSourcesBuildPhase;
			buildActionMask = 2147483647;
			files = (
				D6C2FEED222E536200D9021C /* ViewController.swift in Sources */,
				D6C2FEFD222E537800D9021C /* TimeRuler.swift in Sources */,
				D6C2FEEB222E536200D9021C /* AppDelegate.swift in Sources */,
			);
			runOnlyForDeploymentPostprocessing = 0;
		};
/* End PBXSourcesBuildPhase section */

/* Begin PBXVariantGroup section */
		D6C2FEEE222E536200D9021C /* Main.storyboard */ = {
			isa = PBXVariantGroup;
			children = (
				D6C2FEEF222E536200D9021C /* Base */,
			);
			name = Main.storyboard;
			sourceTree = "<group>";
		};
		D6C2FEF3222E536500D9021C /* LaunchScreen.storyboard */ = {
			isa = PBXVariantGroup;
			children = (
				D6C2FEF4222E536500D9021C /* Base */,
			);
			name = LaunchScreen.storyboard;
			sourceTree = "<group>";
		};
/* End PBXVariantGroup section */

/* Begin XCBuildConfiguration section */
		D6C2FEF7222E536500D9021C /* Debug */ = {
			isa = XCBuildConfiguration;
			buildSettings = {
				ALWAYS_SEARCH_USER_PATHS = NO;
				CLANG_ANALYZER_NONNULL = YES;
				CLANG_ANALYZER_NUMBER_OBJECT_CONVERSION = YES_AGGRESSIVE;
				CLANG_CXX_LANGUAGE_STANDARD = "gnu++14";
				CLANG_CXX_LIBRARY = "libc++";
				CLANG_ENABLE_MODULES = YES;
				CLANG_ENABLE_OBJC_ARC = YES;
				CLANG_ENABLE_OBJC_WEAK = YES;
				CLANG_WARN_BLOCK_CAPTURE_AUTORELEASING = YES;
				CLANG_WARN_BOOL_CONVERSION = YES;
				CLANG_WARN_COMMA = YES;
				CLANG_WARN_CONSTANT_CONVERSION = YES;
				CLANG_WARN_DEPRECATED_OBJC_IMPLEMENTATIONS = YES;
				CLANG_WARN_DIRECT_OBJC_ISA_USAGE = YES_ERROR;
				CLANG_WARN_DOCUMENTATION_COMMENTS = YES;
				CLANG_WARN_EMPTY_BODY = YES;
				CLANG_WARN_ENUM_CONVERSION = YES;
				CLANG_WARN_INFINITE_RECURSION = YES;
				CLANG_WARN_INT_CONVERSION = YES;
				CLANG_WARN_NON_LITERAL_NULL_CONVERSION = YES;
				CLANG_WARN_OBJC_IMPLICIT_RETAIN_SELF = YES;
				CLANG_WARN_OBJC_LITERAL_CONVERSION = YES;
				CLANG_WARN_OBJC_ROOT_CLASS = YES_ERROR;
				CLANG_WARN_RANGE_LOOP_ANALYSIS = YES;
				CLANG_WARN_STRICT_PROTOTYPES = YES;
				CLANG_WARN_SUSPICIOUS_MOVE = YES;
				CLANG_WARN_UNGUARDED_AVAILABILITY = YES_AGGRESSIVE;
				CLANG_WARN_UNREACHABLE_CODE = YES;
				CLANG_WARN__DUPLICATE_METHOD_MATCH = YES;
				CODE_SIGN_IDENTITY = "iPhone Developer";
				COPY_PHASE_STRIP = NO;
				DEBUG_INFORMATION_FORMAT = dwarf;
				ENABLE_STRICT_OBJC_MSGSEND = YES;
				ENABLE_TESTABILITY = YES;
				GCC_C_LANGUAGE_STANDARD = gnu11;
				GCC_DYNAMIC_NO_PIC = NO;
				GCC_NO_COMMON_BLOCKS = YES;
				GCC_OPTIMIZATION_LEVEL = 0;
				GCC_PREPROCESSOR_DEFINITIONS = (
					"DEBUG=1",
					"$(inherited)",
				);
				GCC_WARN_64_TO_32_BIT_CONVERSION = YES;
				GCC_WARN_ABOUT_RETURN_TYPE = YES_ERROR;
				GCC_WARN_UNDECLARED_SELECTOR = YES;
				GCC_WARN_UNINITIALIZED_AUTOS = YES_AGGRESSIVE;
				GCC_WARN_UNUSED_FUNCTION = YES;
				GCC_WARN_UNUSED_VARIABLE = YES;
				IPHONEOS_DEPLOYMENT_TARGET = 12.1;
				MTL_ENABLE_DEBUG_INFO = INCLUDE_SOURCE;
				MTL_FAST_MATH = YES;
				ONLY_ACTIVE_ARCH = YES;
				SDKROOT = iphoneos;
				SWIFT_ACTIVE_COMPILATION_CONDITIONS = DEBUG;
				SWIFT_OPTIMIZATION_LEVEL = "-Onone";
			};
			name = Debug;
		};
		D6C2FEF8222E536500D9021C /* Release */ = {
			isa = XCBuildConfiguration;
			buildSettings = {
				ALWAYS_SEARCH_USER_PATHS = NO;
				CLANG_ANALYZER_NONNULL = YES;
				CLANG_ANALYZER_NUMBER_OBJECT_CONVERSION = YES_AGGRESSIVE;
				CLANG_CXX_LANGUAGE_STANDARD = "gnu++14";
				CLANG_CXX_LIBRARY = "libc++";
				CLANG_ENABLE_MODULES = YES;
				CLANG_ENABLE_OBJC_ARC = YES;
				CLANG_ENABLE_OBJC_WEAK = YES;
				CLANG_WARN_BLOCK_CAPTURE_AUTORELEASING = YES;
				CLANG_WARN_BOOL_CONVERSION = YES;
				CLANG_WARN_COMMA = YES;
				CLANG_WARN_CONSTANT_CONVERSION = YES;
				CLANG_WARN_DEPRECATED_OBJC_IMPLEMENTATIONS = YES;
				CLANG_WARN_DIRECT_OBJC_ISA_USAGE = YES_ERROR;
				CLANG_WARN_DOCUMENTATION_COMMENTS = YES;
				CLANG_WARN_EMPTY_BODY = YES;
				CLANG_WARN_ENUM_CONVERSION = YES;
				CLANG_WARN_INFINITE_RECURSION = YES;
				CLANG_WARN_INT_CONVERSION = YES;
				CLANG_WARN_NON_LITERAL_NULL_CONVERSION = YES;
				CLANG_WARN_OBJC_IMPLICIT_RETAIN_SELF = YES;
				CLANG_WARN_OBJC_LITERAL_CONVERSION = YES;
				CLANG_WARN_OBJC_ROOT_CLASS = YES_ERROR;
				CLANG_WARN_RANGE_LOOP_ANALYSIS = YES;
				CLANG_WARN_STRICT_PROTOTYPES = YES;
				CLANG_WARN_SUSPICIOUS_MOVE = YES;
				CLANG_WARN_UNGUARDED_AVAILABILITY = YES_AGGRESSIVE;
				CLANG_WARN_UNREACHABLE_CODE = YES;
				CLANG_WARN__DUPLICATE_METHOD_MATCH = YES;
				CODE_SIGN_IDENTITY = "iPhone Developer";
				COPY_PHASE_STRIP = NO;
				DEBUG_INFORMATION_FORMAT = "dwarf-with-dsym";
				ENABLE_NS_ASSERTIONS = NO;
				ENABLE_STRICT_OBJC_MSGSEND = YES;
				GCC_C_LANGUAGE_STANDARD = gnu11;
				GCC_NO_COMMON_BLOCKS = YES;
				GCC_WARN_64_TO_32_BIT_CONVERSION = YES;
				GCC_WARN_ABOUT_RETURN_TYPE = YES_ERROR;
				GCC_WARN_UNDECLARED_SELECTOR = YES;
				GCC_WARN_UNINITIALIZED_AUTOS = YES_AGGRESSIVE;
				GCC_WARN_UNUSED_FUNCTION = YES;
				GCC_WARN_UNUSED_VARIABLE = YES;
				IPHONEOS_DEPLOYMENT_TARGET = 12.1;
				MTL_ENABLE_DEBUG_INFO = NO;
				MTL_FAST_MATH = YES;
				SDKROOT = iphoneos;
				SWIFT_COMPILATION_MODE = wholemodule;
				SWIFT_OPTIMIZATION_LEVEL = "-O";
				VALIDATE_PRODUCT = YES;
			};
			name = Release;
		};
		D6C2FEFA222E536500D9021C /* Debug */ = {
			isa = XCBuildConfiguration;
			buildSettings = {
				ASSETCATALOG_COMPILER_APPICON_NAME = AppIcon;
				CODE_SIGN_STYLE = Automatic;
				DEVELOPMENT_TEAM = 4R78Q6VF77;
				INFOPLIST_FILE = TimeRuler/Info.plist;
				LD_RUNPATH_SEARCH_PATHS = (
					"$(inherited)",
					"@executable_path/Frameworks",
				);
				PRODUCT_BUNDLE_IDENTIFIER = com.quan.TimeRuler;
				PRODUCT_NAME = "$(TARGET_NAME)";
				SWIFT_VERSION = 4.2;
				TARGETED_DEVICE_FAMILY = "1,2";
			};
			name = Debug;
		};
		D6C2FEFB222E536500D9021C /* Release */ = {
			isa = XCBuildConfiguration;
			buildSettings = {
				ASSETCATALOG_COMPILER_APPICON_NAME = AppIcon;
				CODE_SIGN_STYLE = Automatic;
				DEVELOPMENT_TEAM = 4R78Q6VF77;
				INFOPLIST_FILE = TimeRuler/Info.plist;
				LD_RUNPATH_SEARCH_PATHS = (
					"$(inherited)",
					"@executable_path/Frameworks",
				);
				PRODUCT_BUNDLE_IDENTIFIER = com.quan.TimeRuler;
				PRODUCT_NAME = "$(TARGET_NAME)";
				SWIFT_VERSION = 4.2;
				TARGETED_DEVICE_FAMILY = "1,2";
			};
			name = Release;
		};
/* End XCBuildConfiguration section */

/* Begin XCConfigurationList section */
		D6C2FEE2222E536200D9021C /* Build configuration list for PBXProject "TimeRuler" */ = {
			isa = XCConfigurationList;
			buildConfigurations = (
				D6C2FEF7222E536500D9021C /* Debug */,
				D6C2FEF8222E536500D9021C /* Release */,
			);
			defaultConfigurationIsVisible = 0;
			defaultConfigurationName = Release;
		};
		D6C2FEF9222E536500D9021C /* Build configuration list for PBXNativeTarget "TimeRuler" */ = {
			isa = XCConfigurationList;
			buildConfigurations = (
				D6C2FEFA222E536500D9021C /* Debug */,
				D6C2FEFB222E536500D9021C /* Release */,
			);
			defaultConfigurationIsVisible = 0;
			defaultConfigurationName = Release;
		};
/* End XCConfigurationList section */
	};
	rootObject = D6C2FEDF222E536200D9021C /* Project object */;
}
